
Microsoft Visual Studio Solution File, Format Version 12.00
# Visual Studio Version 16
VisualStudioVersion = 16.0.30204.135
MinimumVisualStudioVersion = 10.0.40219.1
Project("{FAE04EC0-301F-11D3-BF4B-00C04F79EFBC}") = "IotHubD2CReadTester.UWP", "IotHubD2CReadTester.UWP\IotHubD2CReadTester.UWP.csproj", "{8F0A2F8D-5839-4C39-8488-B7BBB8B428DB}"
EndProject
Project("{FAE04EC0-301F-11D3-BF4B-00C04F79EFBC}") = "IotHubD2CReadTester.Android", "IotHubD2CReadTester.Android\IotHubD2CReadTester.Android.csproj", "{0BE74603-E0C2-46BB-A1B7-930891B29A22}"
EndProject
Project("{FAE04EC0-301F-11D3-BF4B-00C04F79EFBC}") = "IotHubD2CReadTester.iOS", "IotHubD2CReadTester.iOS\IotHubD2CReadTester.iOS.csproj", "{CC87696C-06EF-41C7-91F1-36708913E640}"
EndProject
Project("{FAE04EC0-301F-11D3-BF4B-00C04F79EFBC}") = "IotHubD2CReadTester", "IotHubD2CReadTester\IotHubD2CReadTester.csproj", "{6F1E873E-29D9-4882-B8E4-660B43A42D70}"
EndProject
Global
	GlobalSection(SolutionConfigurationPlatforms) = preSolution
		Debug|Any CPU = Debug|Any CPU
		Debug|ARM = Debug|ARM
		Debug|iPhone = Debug|iPhone
		Debug|iPhoneSimulator = Debug|iPhoneSimulator
		Debug|x64 = Debug|x64
		Debug|x86 = Debug|x86
		Release|Any CPU = Release|Any CPU
		Release|ARM = Release|ARM
		Release|iPhone = Release|iPhone
		Release|iPhoneSimulator = Release|iPhoneSimulator
		Release|x64 = Release|x64
		Release|x86 = Release|x86
	EndGlobalSection
	GlobalSection(ProjectConfigurationPlatforms) = postSolution
		{8F0A2F8D-5839-4C39-8488-B7BBB8B428DB}.Debug|Any CPU.ActiveCfg = Debug|x86
		{8F0A2F8D-5839-4C39-8488-B7BBB8B428DB}.Debug|Any CPU.Build.0 = Debug|x86
		{8F0A2F8D-5839-4C39-8488-B7BBB8B428DB}.Debug|Any CPU.Deploy.0 = Debug|x86
		{8F0A2F8D-5839-4C39-8488-B7BBB8B428DB}.Debug|ARM.ActiveCfg = Debug|ARM
		{8F0A2F8D-5839-4C39-8488-B7BBB8B428DB}.Debug|ARM.Build.0 = Debug|ARM
		{8F0A2F8D-5839-4C39-8488-B7BBB8B428DB}.Debug|ARM.Deploy.0 = Debug|ARM
		{8F0A2F8D-5839-4C39-8488-B7BBB8B428DB}.Debug|iPhone.ActiveCfg = Debug|x86
		{8F0A2F8D-5839-4C39-8488-B7BBB8B428DB}.Debug|iPhone.Build.0 = Debug|x86
		{8F0A2F8D-5839-4C39-8488-B7BBB8B428DB}.Debug|iPhone.Deploy.0 = Debug|x86
		{8F0A2F8D-5839-4C39-8488-B7BBB8B428DB}.Debug|iPhoneSimulator.ActiveCfg = Debug|x86
		{8F0A2F8D-5839-4C39-8488-B7BBB8B428DB}.Debug|iPhoneSimulator.Build.0 = Debug|x86
		{8F0A2F8D-5839-4C39-8488-B7BBB8B428DB}.Debug|iPhoneSimulator.Deploy.0 = Debug|x86
		{8F0A2F8D-5839-4C39-8488-B7BBB8B428DB}.Debug|x64.ActiveCfg = Debug|x64
		{8F0A2F8D-5839-4C39-8488-B7BBB8B428DB}.Debug|x64.Build.0 = Debug|x64
		{8F0A2F8D-5839-4C39-8488-B7BBB8B428DB}.Debug|x64.Deploy.0 = Debug|x64
		{8F0A2F8D-5839-4C39-8488-B7BBB8B428DB}.Debug|x86.ActiveCfg = Debug|x86
		{8F0A2F8D-5839-4C39-8488-B7BBB8B428DB}.Debug|x86.Build.0 = Debug|x86
		{8F0A2F8D-5839-4C39-8488-B7BBB8B428DB}.Debug|x86.Deploy.0 = Debug|x86
		{8F0A2F8D-5839-4C39-8488-B7BBB8B428DB}.Release|Any CPU.ActiveCfg = Release|x86
		{8F0A2F8D-5839-4C39-8488-B7BBB8B428DB}.Release|Any CPU.Build.0 = Release|x86
		{8F0A2F8D-5839-4C39-8488-B7BBB8B428DB}.Release|Any CPU.Deploy.0 = Release|x86
		{8F0A2F8D-5839-4C39-8488-B7BBB8B428DB}.Release|ARM.ActiveCfg = Release|ARM
		{8F0A2F8D-5839-4C39-8488-B7BBB8B428DB}.Release|ARM.Build.0 = Release|ARM
		{8F0A2F8D-5839-4C39-8488-B7BBB8B428DB}.Release|ARM.Deploy.0 = Release|ARM
		{8F0A2F8D-5839-4C39-8488-B7BBB8B428DB}.Release|iPhone.ActiveCfg = Release|x86
		{8F0A2F8D-5839-4C39-8488-B7BBB8B428DB}.Release|iPhone.Build.0 = Release|x86
		{8F0A2F8D-5839-4C39-8488-B7BBB8B428DB}.Release|iPhone.Deploy.0 = Release|x86
		{8F0A2F8D-5839-4C39-8488-B7BBB8B428DB}.Release|iPhoneSimulator.ActiveCfg = Release|x86
		{8F0A2F8D-5839-4C39-8488-B7BBB8B428DB}.Release|iPhoneSimulator.Build.0 = Release|x86
		{8F0A2F8D-5839-4C39-8488-B7BBB8B428DB}.Release|iPhoneSimulator.Deploy.0 = Release|x86
		{8F0A2F8D-5839-4C39-8488-B7BBB8B428DB}.Release|x64.ActiveCfg = Release|x64
		{8F0A2F8D-5839-4C39-8488-B7BBB8B428DB}.Release|x64.Build.0 = Release|x64
		{8F0A2F8D-5839-4C39-8488-B7BBB8B428DB}.Release|x64.Deploy.0 = Release|x64
		{8F0A2F8D-5839-4C39-8488-B7BBB8B428DB}.Release|x86.ActiveCfg = Release|x86
		{8F0A2F8D-5839-4C39-8488-B7BBB8B428DB}.Release|x86.Build.0 = Release|x86
		{8F0A2F8D-5839-4C39-8488-B7BBB8B428DB}.Release|x86.Deploy.0 = Release|x86
		{0BE74603-E0C2-46BB-A1B7-930891B29A22}.Debug|Any CPU.ActiveCfg = Debug|Any CPU
		{0BE74603-E0C2-46BB-A1B7-930891B29A22}.Debug|Any CPU.Build.0 = Debug|Any CPU
		{0BE74603-E0C2-46BB-A1B7-930891B29A22}.Debug|Any CPU.Deploy.0 = Debug|Any CPU
		{0BE74603-E0C2-46BB-A1B7-930891B29A22}.Debug|ARM.ActiveCfg = Debug|Any CPU
		{0BE74603-E0C2-46BB-A1B7-930891B29A22}.Debug|ARM.Build.0 = Debug|Any CPU
		{0BE74603-E0C2-46BB-A1B7-930891B29A22}.Debug|ARM.Deploy.0 = Debug|Any CPU
		{0BE74603-E0C2-46BB-A1B7-930891B29A22}.Debug|iPhone.ActiveCfg = Debug|Any CPU
		{0BE74603-E0C2-46BB-A1B7-930891B29A22}.Debug|iPhone.Build.0 = Debug|Any CPU
		{0BE74603-E0C2-46BB-A1B7-930891B29A22}.Debug|iPhone.Deploy.0 = Debug|Any CPU
		{0BE74603-E0C2-46BB-A1B7-930891B29A22}.Debug|iPhoneSimulator.ActiveCfg = Debug|Any CPU
		{0BE74603-E0C2-46BB-A1B7-930891B29A22}.Debug|iPhoneSimulator.Build.0 = Debug|Any CPU
		{0BE74603-E0C2-46BB-A1B7-930891B29A22}.Debug|iPhoneSimulator.Deploy.0 = Debug|Any CPU
		{0BE74603-E0C2-46BB-A1B7-930891B29A22}.Debug|x64.ActiveCfg = Debug|Any CPU
		{0BE74603-E0C2-46BB-A1B7-930891B29A22}.Debug|x64.Build.0 = Debug|Any CPU
		{0BE74603-E0C2-46BB-A1B7-930891B29A22}.Debug|x64.Deploy.0 = Debug|Any CPU
		{0BE74603-E0C2-46BB-A1B7-930891B29A22}.Debug|x86.ActiveCfg = Debug|Any CPU
		{0BE74603-E0C2-46BB-A1B7-930891B29A22}.Debug|x86.Build.0 = Debug|Any CPU
		{0BE74603-E0C2-46BB-A1B7-930891B29A22}.Debug|x86.Deploy.0 = Debug|Any CPU
		{0BE74603-E0C2-46BB-A1B7-930891B29A22}.Release|Any CPU.ActiveCfg = Release|Any CPU
		{0BE74603-E0C2-46BB-A1B7-930891B29A22}.Release|Any CPU.Build.0 = Release|Any CPU
		{0BE74603-E0C2-46BB-A1B7-930891B29A22}.Release|Any CPU.Deploy.0 = Release|Any CPU
		{0BE74603-E0C2-46BB-A1B7-930891B29A22}.Release|ARM.ActiveCfg = Release|Any CPU
		{0BE74603-E0C2-46BB-A1B7-930891B29A22}.Release|ARM.Build.0 = Release|Any CPU
		{0BE74603-E0C2-46BB-A1B7-930891B29A22}.Release|ARM.Deploy.0 = Release|Any CPU
		{0BE74603-E0C2-46BB-A1B7-930891B29A22}.Release|iPhone.ActiveCfg = Release|Any CPU
		{0BE74603-E0C2-46BB-A1B7-930891B29A22}.Release|iPhone.Build.0 = Release|Any CPU
		{0BE74603-E0C2-46BB-A1B7-930891B29A22}.Release|iPhone.Deploy.0 = Release|Any CPU
		{0BE74603-E0C2-46BB-A1B7-930891B29A22}.Release|iPhoneSimulator.ActiveCfg = Release|Any CPU
		{0BE74603-E0C2-46BB-A1B7-930891B29A22}.Release|iPhoneSimulator.Build.0 = Release|Any CPU
		{0BE74603-E0C2-46BB-A1B7-930891B29A22}.Release|iPhoneSimulator.Deploy.0 = Release|Any CPU
		{0BE74603-E0C2-46BB-A1B7-930891B29A22}.Release|x64.ActiveCfg = Release|Any CPU
		{0BE74603-E0C2-46BB-A1B7-930891B29A22}.Release|x64.Build.0 = Release|Any CPU
		{0BE74603-E0C2-46BB-A1B7-930891B29A22}.Release|x64.Deploy.0 = Release|Any CPU
		{0BE74603-E0C2-46BB-A1B7-930891B29A22}.Release|x86.ActiveCfg = Release|Any CPU
		{0BE74603-E0C2-46BB-A1B7-930891B29A22}.Release|x86.Build.0 = Release|Any CPU
		{0BE74603-E0C2-46BB-A1B7-930891B29A22}.Release|x86.Deploy.0 = Release|Any CPU
		{CC87696C-06EF-41C7-91F1-36708913E640}.Debug|Any CPU.ActiveCfg = Debug|iPhone
		{CC87696C-06EF-41C7-91F1-36708913E640}.Debug|Any CPU.Build.0 = Debug|iPhone
		{CC87696C-06EF-41C7-91F1-36708913E640}.Debug|Any CPU.Deploy.0 = Debug|iPhone
		{CC87696C-06EF-41C7-91F1-36708913E640}.Debug|ARM.ActiveCfg = Debug|iPhone
		{CC87696C-06EF-41C7-91F1-36708913E640}.Debug|ARM.Build.0 = Debug|iPhone
		{CC87696C-06EF-41C7-91F1-36708913E640}.Debug|ARM.Deploy.0 = Debug|iPhone
		{CC87696C-06EF-41C7-91F1-36708913E640}.Debug|iPhone.ActiveCfg = Debug|iPhone
		{CC87696C-06EF-41C7-91F1-36708913E640}.Debug|iPhone.Build.0 = Debug|iPhone
		{CC87696C-06EF-41C7-91F1-36708913E640}.Debug|iPhone.Deploy.0 = Debug|iPhone
		{CC87696C-06EF-41C7-91F1-36708913E640}.Debug|iPhoneSimulator.ActiveCfg = Debug|iPhoneSimulator
		{CC87696C-06EF-41C7-91F1-36708913E640}.Debug|iPhoneSimulator.Build.0 = Debug|iPhoneSimulator
		{CC87696C-06EF-41C7-91F1-36708913E640}.Debug|iPhoneSimulator.Deploy.0 = Debug|iPhoneSimulator
		{CC87696C-06EF-41C7-91F1-36708913E640}.Debug|x64.ActiveCfg = Debug|iPhone
		{CC87696C-06EF-41C7-91F1-36708913E640}.Debug|x64.Build.0 = Debug|iPhone
		{CC87696C-06EF-41C7-91F1-36708913E640}.Debug|x64.Deploy.0 = Debug|iPhone
		{CC87696C-06EF-41C7-91F1-36708913E640}.Debug|x86.ActiveCfg = Debug|iPhone
		{CC87696C-06EF-41C7-91F1-36708913E640}.Debug|x86.Build.0 = Debug|iPhone
		{CC87696C-06EF-41C7-91F1-36708913E640}.Debug|x86.Deploy.0 = Debug|iPhone
		{CC87696C-06EF-41C7-91F1-36708913E640}.Release|Any CPU.ActiveCfg = Release|iPhone
		{CC87696C-06EF-41C7-91F1-36708913E640}.Release|Any CPU.Build.0 = Release|iPhone
		{CC87696C-06EF-41C7-91F1-36708913E640}.Release|Any CPU.Deploy.0 = Release|iPhone
		{CC87696C-06EF-41C7-91F1-36708913E640}.Release|ARM.ActiveCfg = Release|iPhone
		{CC87696C-06EF-41C7-91F1-36708913E640}.Release|ARM.Build.0 = Release|iPhone
		{CC87696C-06EF-41C7-91F1-36708913E640}.Release|ARM.Deploy.0 = Release|iPhone
		{CC87696C-06EF-41C7-91F1-36708913E640}.Release|iPhone.ActiveCfg = Release|iPhone
		{CC87696C-06EF-41C7-91F1-36708913E640}.Release|iPhone.Build.0 = Release|iPhone
		{CC87696C-06EF-41C7-91F1-36708913E640}.Release|iPhone.Deploy.0 = Release|iPhone
		{CC87696C-06EF-41C7-91F1-36708913E640}.Release|iPhoneSimulator.ActiveCfg = Release|iPhoneSimulator
		{CC87696C-06EF-41C7-91F1-36708913E640}.Release|iPhoneSimulator.Build.0 = Release|iPhoneSimulator
		{CC87696C-06EF-41C7-91F1-36708913E640}.Release|iPhoneSimulator.Deploy.0 = Release|iPhoneSimulator
		{CC87696C-06EF-41C7-91F1-36708913E640}.Release|x64.ActiveCfg = Release|iPhone
		{CC87696C-06EF-41C7-91F1-36708913E640}.Release|x64.Build.0 = Release|iPhone
		{CC87696C-06EF-41C7-91F1-36708913E640}.Release|x64.Deploy.0 = Release|iPhone
		{CC87696C-06EF-41C7-91F1-36708913E640}.Release|x86.ActiveCfg = Release|iPhone
		{CC87696C-06EF-41C7-91F1-36708913E640}.Release|x86.Build.0 = Release|iPhone
		{CC87696C-06EF-41C7-91F1-36708913E640}.Release|x86.Deploy.0 = Release|iPhone
		{6F1E873E-29D9-4882-B8E4-660B43A42D70}.Debug|Any CPU.ActiveCfg = Debug|Any CPU
		{6F1E873E-29D9-4882-B8E4-660B43A42D70}.Debug|Any CPU.Build.0 = Debug|Any CPU
		{6F1E873E-29D9-4882-B8E4-660B43A42D70}.Debug|Any CPU.Deploy.0 = Debug|Any CPU
		{6F1E873E-29D9-4882-B8E4-660B43A42D70}.Debug|ARM.ActiveCfg = Debug|Any CPU
		{6F1E873E-29D9-4882-B8E4-660B43A42D70}.Debug|ARM.Build.0 = Debug|Any CPU
		{6F1E873E-29D9-4882-B8E4-660B43A42D70}.Debug|ARM.Deploy.0 = Debug|Any CPU
		{6F1E873E-29D9-4882-B8E4-660B43A42D70}.Debug|iPhone.ActiveCfg = Debug|Any CPU
		{6F1E873E-29D9-4882-B8E4-660B43A42D70}.Debug|iPhone.Build.0 = Debug|Any CPU
		{6F1E873E-29D9-4882-B8E4-660B43A42D70}.Debug|iPhone.Deploy.0 = Debug|Any CPU
		{6F1E873E-29D9-4882-B8E4-660B43A42D70}.Debug|iPhoneSimulator.ActiveCfg = Debug|Any CPU
		{6F1E873E-29D9-4882-B8E4-660B43A42D70}.Debug|iPhoneSimulator.Build.0 = Debug|Any CPU
		{6F1E873E-29D9-4882-B8E4-660B43A42D70}.Debug|iPhoneSimulator.Deploy.0 = Debug|Any CPU
		{6F1E873E-29D9-4882-B8E4-660B43A42D70}.Debug|x64.ActiveCfg = Debug|Any CPU
		{6F1E873E-29D9-4882-B8E4-660B43A42D70}.Debug|x64.Build.0 = Debug|Any CPU
		{6F1E873E-29D9-4882-B8E4-660B43A42D70}.Debug|x64.Deploy.0 = Debug|Any CPU
		{6F1E873E-29D9-4882-B8E4-660B43A42D70}.Debug|x86.ActiveCfg = Debug|Any CPU
		{6F1E873E-29D9-4882-B8E4-660B43A42D70}.Debug|x86.Build.0 = Debug|Any CPU
		{6F1E873E-29D9-4882-B8E4-660B43A42D70}.Debug|x86.Deploy.0 = Debug|Any CPU
		{6F1E873E-29D9-4882-B8E4-660B43A42D70}.Release|Any CPU.ActiveCfg = Release|Any CPU
		{6F1E873E-29D9-4882-B8E4-660B43A42D70}.Release|Any CPU.Build.0 = Release|Any CPU
		{6F1E873E-29D9-4882-B8E4-660B43A42D70}.Release|Any CPU.Deploy.0 = Release|Any CPU
		{6F1E873E-29D9-4882-B8E4-660B43A42D70}.Release|ARM.ActiveCfg = Release|Any CPU
		{6F1E873E-29D9-4882-B8E4-660B43A42D70}.Release|ARM.Build.0 = Release|Any CPU
		{6F1E873E-29D9-4882-B8E4-660B43A42D70}.Release|ARM.Deploy.0 = Release|Any CPU
		{6F1E873E-29D9-4882-B8E4-660B43A42D70}.Release|iPhone.ActiveCfg = Release|Any CPU
		{6F1E873E-29D9-4882-B8E4-660B43A42D70}.Release|iPhone.Build.0 = Release|Any CPU
		{6F1E873E-29D9-4882-B8E4-660B43A42D70}.Release|iPhone.Deploy.0 = Release|Any CPU
		{6F1E873E-29D9-4882-B8E4-660B43A42D70}.Release|iPhoneSimulator.ActiveCfg = Release|Any CPU
		{6F1E873E-29D9-4882-B8E4-660B43A42D70}.Release|iPhoneSimulator.Build.0 = Release|Any CPU
		{6F1E873E-29D9-4882-B8E4-660B43A42D70}.Release|iPhoneSimulator.Deploy.0 = Release|Any CPU
		{6F1E873E-29D9-4882-B8E4-660B43A42D70}.Release|x64.ActiveCfg = Release|Any CPU
		{6F1E873E-29D9-4882-B8E4-660B43A42D70}.Release|x64.Build.0 = Release|Any CPU
		{6F1E873E-29D9-4882-B8E4-660B43A42D70}.Release|x64.Deploy.0 = Release|Any CPU
		{6F1E873E-29D9-4882-B8E4-660B43A42D70}.Release|x86.ActiveCfg = Release|Any CPU
		{6F1E873E-29D9-4882-B8E4-660B43A42D70}.Release|x86.Build.0 = Release|Any CPU
		{6F1E873E-29D9-4882-B8E4-660B43A42D70}.Release|x86.Deploy.0 = Release|Any CPU
	EndGlobalSection
	GlobalSection(SolutionProperties) = preSolution
		HideSolutionNode = FALSE
	EndGlobalSection
	GlobalSection(ExtensibilityGlobals) = postSolution
		SolutionGuid = {D0E3E1C6-B101-4B62-AB89-39F453F1D435}
	EndGlobalSection
EndGlobal
